# This file is autogenerated, do not edit; changes may be undone by the next 'dep ensure'.


[[projects]]
  digest = "1:7e81fa57213581cb20347015b655bffdc6a816c98b040b499b28e0c78fd0e3bf"
  name = "github.com/micmonay/keybd_event"
  packages = ["."]
  pruneopts = "UT"
  revision = "c464c951ef3a1ed946e5e511456a1b27b9039333"
  version = "v1.1.0"

[solve-meta]
  analyzer-name = "dep"
  analyzer-version = 1
  input-imports = ["github.com/micmonay/keybd_event"]
  solver-name = "gps-cdcl"
  solver-version = 1
